{
  "name": "tari_collectibles",
  "version": "1.0.0",
  "lockfileVersion": 1,
  "requires": true,
  "dependencies": {
    "@tauri-apps/api": {
      "version": "1.0.0-beta.8",
      "resolved": "https://registry.npmjs.org/@tauri-apps/api/-/api-1.0.0-beta.8.tgz",
      "integrity": "sha512-a56lXB7XvQ4+fKtT0pxpkjTSKhyrQ1Vmjyvt2ox3mT9xw3l7s8IOKHJ1WuqW6TA6xdoy3Cyja3Z3prw8hflS7g=="
    }
  }
}
