{
  "name": "tari_collectibles",
  "version": "1.0.0",
  "lockfileVersion": 1,
  "requires": true,
  "dependencies": {
    "@tauri-apps/api": {
      "version": "1.0.0-rc.1",
      "resolved": "https://registry.npmjs.org/@tauri-apps/api/-/api-1.0.0-rc.1.tgz",
      "integrity": "sha512-VBUOmfT8ea02JB/Qr+FHeaLnug5BRA7ro2pX47q0GZCbZsU9b+iPnOXl0ShJwT0melR7B6iamyhDwkHStMVfQA==",
      "requires": {
        "type-fest": "2.11.2"
      },
      "dependencies": {
        "type-fest": {
          "version": "2.11.2",
          "resolved": "https://registry.npmjs.org/type-fest/-/type-fest-2.11.2.tgz",
          "integrity": "sha512-reW2Y2Mpn0QNA/5fvtm5doROLwDPu2zOm5RtY7xQQS05Q7xgC8MOZ3yPNaP9m/s/sNjjFQtHo7VCNqYW2iI+Ig=="
        }
      }
    },
    "@tauri-apps/cli": {
      "version": "1.0.0-rc.4",
      "resolved": "https://registry.npmjs.org/@tauri-apps/cli/-/cli-1.0.0-rc.4.tgz",
      "integrity": "sha512-VL7/28yzLiMevw4JGsDcEQYCsasNgALUcPKDma6rBv7sPypf4V3fksDCc90xs6usNQeoSfKaiExQWy24shoPDg==",
      "dev": true,
      "requires": {
        "@tauri-apps/cli-darwin-arm64": "1.0.0-rc.4",
        "@tauri-apps/cli-darwin-x64": "1.0.0-rc.4",
        "@tauri-apps/cli-linux-arm-gnueabihf": "1.0.0-rc.4",
        "@tauri-apps/cli-linux-arm64-gnu": "1.0.0-rc.4",
        "@tauri-apps/cli-linux-arm64-musl": "1.0.0-rc.4",
        "@tauri-apps/cli-linux-x64-gnu": "1.0.0-rc.4",
        "@tauri-apps/cli-linux-x64-musl": "1.0.0-rc.4",
        "@tauri-apps/cli-win32-x64-msvc": "1.0.0-rc.4"
      }
    },
    "@tauri-apps/cli-darwin-arm64": {
      "version": "1.0.0-rc.4",
      "resolved": "https://registry.npmjs.org/@tauri-apps/cli-darwin-arm64/-/cli-darwin-arm64-1.0.0-rc.4.tgz",
      "integrity": "sha512-TWAQbfABk1qsIAWiEmphKk1D+Qa4fBQE9vk5we5abRsqDCQJKu4c7sVwMYPzsa3fnTQk5mgEiSplevSvbbR3DA==",
      "dev": true,
      "optional": true
    },
    "@tauri-apps/cli-darwin-x64": {
      "version": "1.0.0-rc.4",
      "resolved": "https://registry.npmjs.org/@tauri-apps/cli-darwin-x64/-/cli-darwin-x64-1.0.0-rc.4.tgz",
      "integrity": "sha512-7LAMgtZcUxfsCPJynmS9a3mzsT8AFMu5LGIUgPLppiGsaqb5CZUw5WpJQLW16VBPIQ9qR4zxlsCQb7P2WsbXzA==",
      "dev": true,
      "optional": true
    },
    "@tauri-apps/cli-linux-arm-gnueabihf": {
      "version": "1.0.0-rc.4",
      "resolved": "https://registry.npmjs.org/@tauri-apps/cli-linux-arm-gnueabihf/-/cli-linux-arm-gnueabihf-1.0.0-rc.4.tgz",
      "integrity": "sha512-Ut3aOMI1dMoPNsvNfJgweqqM5G4G2HBWSdSy5C0hD1GC3Y1xSv1BWORNT/eYNeJF5sCTO+qkslsOVw30xoJ6Fg==",
      "dev": true,
      "optional": true
    },
    "@tauri-apps/cli-linux-arm64-gnu": {
      "version": "1.0.0-rc.4",
      "resolved": "https://registry.npmjs.org/@tauri-apps/cli-linux-arm64-gnu/-/cli-linux-arm64-gnu-1.0.0-rc.4.tgz",
      "integrity": "sha512-8JEsLGKfu2ffYSMWzMcRHZpzQrMKPmY1HiXi1W8xDOKbwTSaZ4qlP67JAE6UtdvrDJDg/rGGTEs33ZZ0VuCJ9Q==",
      "dev": true,
      "optional": true
    },
    "@tauri-apps/cli-linux-arm64-musl": {
      "version": "1.0.0-rc.4",
      "resolved": "https://registry.npmjs.org/@tauri-apps/cli-linux-arm64-musl/-/cli-linux-arm64-musl-1.0.0-rc.4.tgz",
      "integrity": "sha512-UGWY19vCsNpDPQfsfCpeeVVF4mwkbEVUCUdz/PoAtcW07nxa0xI/fNgX6U/LKXepon5z6iUsS5P4AtcLjPw5rw==",
      "dev": true,
      "optional": true
    },
    "@tauri-apps/cli-linux-x64-gnu": {
      "version": "1.0.0-rc.4",
      "resolved": "https://registry.npmjs.org/@tauri-apps/cli-linux-x64-gnu/-/cli-linux-x64-gnu-1.0.0-rc.4.tgz",
      "integrity": "sha512-lYs6xMw4Y8FpmRThzsWiXQ7SbR2lyBilC+m9VDQAp1vd1eriF80XtFbfhxKy9Wpm5qzYtcWYoIKWiRDa8LX8DA==",
      "dev": true,
      "optional": true
    },
    "@tauri-apps/cli-linux-x64-musl": {
      "version": "1.0.0-rc.4",
      "resolved": "https://registry.npmjs.org/@tauri-apps/cli-linux-x64-musl/-/cli-linux-x64-musl-1.0.0-rc.4.tgz",
      "integrity": "sha512-DL4KT4dj2k+y1C3NTY5Fr85/WeYYlpcZZsLzF451wevFunNfGw5kic3tSaaJPtkjgK21t1Bw/hd3XtP6QtFuiA==",
      "dev": true,
      "optional": true
    },
    "@tauri-apps/cli-win32-x64-msvc": {
      "version": "1.0.0-rc.4",
      "resolved": "https://registry.npmjs.org/@tauri-apps/cli-win32-x64-msvc/-/cli-win32-x64-msvc-1.0.0-rc.4.tgz",
      "integrity": "sha512-GFhupERiJX48k5hiepNfOm2FCcRTmNQ8m+XfW4slJ61v71wth06kFnFXrbLxTBd8wy77AD7yEGTahjGvR+9CAQ==",
      "dev": true,
      "optional": true
    }
  }
}
