# THIS IS AN AUTOGENERATED FILE. DO NOT EDIT THIS FILE DIRECTLY.
# yarn lockfile v1


"@tauri-apps/cli-darwin-arm64@1.0.0-rc.9":
  version "1.0.0-rc.9"
  resolved "https://registry.yarnpkg.com/@tauri-apps/cli-darwin-arm64/-/cli-darwin-arm64-1.0.0-rc.9.tgz#8786ce2eacbad4b69eaa8e4e0b7ae16819923b11"
  integrity sha512-cpcSRyVOh3n5GsCdKtVQpLJ36yx7h+KY868l7KhPnM5EL1cQbFwYzD/VHlzFvfrpS19YvPBB/AHln4rll5iWvw==

"@tauri-apps/cli-darwin-x64@1.0.0-rc.9":
  version "1.0.0-rc.9"
  resolved "https://registry.yarnpkg.com/@tauri-apps/cli-darwin-x64/-/cli-darwin-x64-1.0.0-rc.9.tgz#b4aa98ebf26018b3e9013ea4ce16a294f2cb8c4f"
  integrity sha512-ku8QpMNrfqyCk2adLdVB+zzaCb7T0/RgVvaqEZqK54WW4blUxkeKHbKqZ/SKRdxTkghHbgJIoBtlk1A5GUbAwg==

"@tauri-apps/cli-linux-arm-gnueabihf@1.0.0-rc.9":
  version "1.0.0-rc.9"
  resolved "https://registry.yarnpkg.com/@tauri-apps/cli-linux-arm-gnueabihf/-/cli-linux-arm-gnueabihf-1.0.0-rc.9.tgz#d77c329168eaa2a5d66b9648deda8d98783d781d"
  integrity sha512-Qlwm4eWo0uCeL3kmowfaLghPehYTYvnM4fH6cRZndzs6/abqsFdghmEmhP5mn34/RAnHXAUANItqlgk6L7C4iw==

"@tauri-apps/cli-linux-arm64-gnu@1.0.0-rc.9":
  version "1.0.0-rc.9"
  resolved "https://registry.yarnpkg.com/@tauri-apps/cli-linux-arm64-gnu/-/cli-linux-arm64-gnu-1.0.0-rc.9.tgz#ecf229e8176b55046d64c2fab9c831fa0fe39a77"
  integrity sha512-Rr4S902dYjRnDCu141f5Cz3JxwKxX/ax7LiMhSifQu5o2wSiezmZ20VRHBwW1UuZxvGV+hxTuZVnfD6NKQdWdA==

"@tauri-apps/cli-linux-arm64-musl@1.0.0-rc.9":
  version "1.0.0-rc.9"
  resolved "https://registry.yarnpkg.com/@tauri-apps/cli-linux-arm64-musl/-/cli-linux-arm64-musl-1.0.0-rc.9.tgz#10a6052d9a6bd720da5ffb1a98bc862564d7a93f"
  integrity sha512-MxqjspY2aS/nxtvBMT8TExZfDWDEsUvQRHHY/2KoBYpqpzucW6WXRGmeOvS1GeA3vnub2/Kq5i32jGRDT1tvrA==

"@tauri-apps/cli-linux-x64-gnu@1.0.0-rc.9":
  version "1.0.0-rc.9"
  resolved "https://registry.yarnpkg.com/@tauri-apps/cli-linux-x64-gnu/-/cli-linux-x64-gnu-1.0.0-rc.9.tgz#34891286ffe0eba1c0602baaa5c3f198f5247a0a"
  integrity sha512-LD7KnJuH1mYFwQfcALPttBnaSG6pgO87Z6nY3xXJjo+A4ttPHcmIBaNdXCTjAmib/umD0nD8k95Hw9iJFYTuiA==

"@tauri-apps/cli-linux-x64-musl@1.0.0-rc.9":
  version "1.0.0-rc.9"
  resolved "https://registry.yarnpkg.com/@tauri-apps/cli-linux-x64-musl/-/cli-linux-x64-musl-1.0.0-rc.9.tgz#32e6550964e559b158d4b9c83b3a7e3c3d58abee"
  integrity sha512-ifocAxBYhk7qrO5x1mizxx/yABvkmyia0kw9eXUn7d5a30HoBcl/A9t+w+7c4B/n/D+gxEMSr6CPaIZv7KnTog==

"@tauri-apps/cli-win32-ia32-msvc@1.0.0-rc.9":
  version "1.0.0-rc.9"
  resolved "https://registry.yarnpkg.com/@tauri-apps/cli-win32-ia32-msvc/-/cli-win32-ia32-msvc-1.0.0-rc.9.tgz#01f5c7f1f9a359ea7f6d203dd03d8b98cf8bdcb6"
  integrity sha512-ClDYF4CstoccPMVkIHyvy1jzlWXIYZX2mjKB6z18MdJ0O7Je8TC115K30lqXtSdPuKX35xWDcWU2b/gllcUUzA==

"@tauri-apps/cli-win32-x64-msvc@1.0.0-rc.9":
  version "1.0.0-rc.9"
  resolved "https://registry.yarnpkg.com/@tauri-apps/cli-win32-x64-msvc/-/cli-win32-x64-msvc-1.0.0-rc.9.tgz#4136d9837efb3c1bf56340d3b5abf56c10b8c7a5"
  integrity sha512-hJjnpl864OhpIp2lTMTW4ad2Aia5/Tbf7k8GJILzUY/XkBhZjNIgZORa8bDcnZRCTU+RDgMFc+AoKtDIircjnA==

"@tauri-apps/cli@^1.0.0-rc.8":
  version "1.0.0-rc.9"
  resolved "https://registry.yarnpkg.com/@tauri-apps/cli/-/cli-1.0.0-rc.9.tgz#727159fa07bb2829b27abc3540324adfcff59f7a"
  integrity sha512-j+HZ65wdfFrMwisYeQpdZnldONevBPHjAo9v9Impf0irUU2UR5nwyvyArHTaWCvNeqEs+YV4XXHsfm2xVpnaug==
  optionalDependencies:
    "@tauri-apps/cli-darwin-arm64" "1.0.0-rc.9"
    "@tauri-apps/cli-darwin-x64" "1.0.0-rc.9"
    "@tauri-apps/cli-linux-arm-gnueabihf" "1.0.0-rc.9"
    "@tauri-apps/cli-linux-arm64-gnu" "1.0.0-rc.9"
    "@tauri-apps/cli-linux-arm64-musl" "1.0.0-rc.9"
    "@tauri-apps/cli-linux-x64-gnu" "1.0.0-rc.9"
    "@tauri-apps/cli-linux-x64-musl" "1.0.0-rc.9"
    "@tauri-apps/cli-win32-ia32-msvc" "1.0.0-rc.9"
    "@tauri-apps/cli-win32-x64-msvc" "1.0.0-rc.9"
