# THIS IS AN AUTOGENERATED FILE. DO NOT EDIT THIS FILE DIRECTLY.
# yarn lockfile v1


"@tauri-apps/cli-darwin-arm64@1.0.0-rc.13":
  version "1.0.0-rc.13"
  resolved "https://registry.yarnpkg.com/@tauri-apps/cli-darwin-arm64/-/cli-darwin-arm64-1.0.0-rc.13.tgz#da73a770835ffd63a149d8becf50d3781e1c97dd"
  integrity sha512-/EqOz7ASHOU98H58Ibbkg12pLG/P5oyQz8OlueaMYryajkJdmi+bHTkJ05DfbS0owAaHkRJ6f+NmoW/AnyqUbg==

"@tauri-apps/cli-darwin-x64@1.0.0-rc.13":
  version "1.0.0-rc.13"
  resolved "https://registry.yarnpkg.com/@tauri-apps/cli-darwin-x64/-/cli-darwin-x64-1.0.0-rc.13.tgz#e120cc623fddca3eb9d7fea0c2de057c7440a821"
  integrity sha512-bvZ0MBKFD1kc4gdVPXgwUA6tHNKj0EmlQK0Xolk6PYP9vZZeNTP1vejevW0bh2IqxC8DuqUArbG9USXwu+LFbQ==

"@tauri-apps/cli-linux-arm-gnueabihf@1.0.0-rc.13":
  version "1.0.0-rc.13"
  resolved "https://registry.yarnpkg.com/@tauri-apps/cli-linux-arm-gnueabihf/-/cli-linux-arm-gnueabihf-1.0.0-rc.13.tgz#3052a59788ae57ad690d4bc09bf0756bc8808116"
  integrity sha512-yODvfUkNvtYYdDTOJSDXMx9fpoEB66I2PTrYx1UKonKTEaLrQDcpw2exD/S9LPQzCYgyTuJ/kHRhG1uLdO/UUQ==

"@tauri-apps/cli-linux-arm64-gnu@1.0.0-rc.13":
  version "1.0.0-rc.13"
  resolved "https://registry.yarnpkg.com/@tauri-apps/cli-linux-arm64-gnu/-/cli-linux-arm64-gnu-1.0.0-rc.13.tgz#9c4094473890c165a4fb22132229ed8212559f79"
  integrity sha512-kVDJHERD8CmTeMcd2VTnD/nVCHdnNAK8a6ur3l0KTR1iF8A1AtN/sPahMQjK4f7Ar00UDjIzTw74liqakOeiZg==

"@tauri-apps/cli-linux-arm64-musl@1.0.0-rc.13":
  version "1.0.0-rc.13"
  resolved "https://registry.yarnpkg.com/@tauri-apps/cli-linux-arm64-musl/-/cli-linux-arm64-musl-1.0.0-rc.13.tgz#16270a6d3b9289993b9b4d837f63dba4991d9be5"
  integrity sha512-PFHz+0xKCGMqqn2TmbOSPvTRS61xJQV7srwTZjs5sHBvK536mdBnF/6V6BPEvTn5LzfRnxMu2A5X5GFkYnrZ7w==

"@tauri-apps/cli-linux-x64-gnu@1.0.0-rc.13":
  version "1.0.0-rc.13"
  resolved "https://registry.yarnpkg.com/@tauri-apps/cli-linux-x64-gnu/-/cli-linux-x64-gnu-1.0.0-rc.13.tgz#d2f5031f9597300a5814dc8b4d3c59e8dc25a871"
  integrity sha512-EWhTOUNHaaMM7mxp/ue+Osnzn6/o9/7qVle3MSnNI9pGQzumc/dOtBs+sWS/NPXdVEiWKET2mFMK120KJlYcQQ==

"@tauri-apps/cli-linux-x64-musl@1.0.0-rc.13":
  version "1.0.0-rc.13"
  resolved "https://registry.yarnpkg.com/@tauri-apps/cli-linux-x64-musl/-/cli-linux-x64-musl-1.0.0-rc.13.tgz#9d8b02de7bd5af71c5d3d5be96ec88f3f29c8fbd"
  integrity sha512-i8lsKw5iAGTAhqSQHeUCISLjhRXNrloHPoFCaSZtU0/GAPGbW/qST7u593h7cKWxRooeMwzo74ij4GhgmddClQ==

"@tauri-apps/cli-win32-ia32-msvc@1.0.0-rc.13":
  version "1.0.0-rc.13"
  resolved "https://registry.yarnpkg.com/@tauri-apps/cli-win32-ia32-msvc/-/cli-win32-ia32-msvc-1.0.0-rc.13.tgz#1fcf6bed5a89af2cb30a2fe2e823ca486ded61b7"
  integrity sha512-rJxSqWIQXeeT2oLzSiQyqZPgDKSGH5sK7MUr8cOCBitqy3T0COlOMX4O7hhqF3cJ/5s0aX+MuNZBzF/D0QUcxA==

"@tauri-apps/cli-win32-x64-msvc@1.0.0-rc.13":
  version "1.0.0-rc.13"
  resolved "https://registry.yarnpkg.com/@tauri-apps/cli-win32-x64-msvc/-/cli-win32-x64-msvc-1.0.0-rc.13.tgz#ed2feaf3b3a120c1460cae8941443563d14840bb"
  integrity sha512-ifOTrJVQoBAQUYX+EVnE4XJ/FCMHs4FQ8qxGNszqkSxrU24mmT7La6tzj77352q80KnxRa05xjjLL6GGhmzXRg==

"@tauri-apps/cli@^1.0.0-rc.13":
  version "1.0.0-rc.13"
  resolved "https://registry.yarnpkg.com/@tauri-apps/cli/-/cli-1.0.0-rc.13.tgz#e58127ebe24c6cc81c3258229219056199421500"
  integrity sha512-q7i45Mi1SMv5XllNoX09QS4Q/fYVFwD6piVYmqMSrKY/T5RwedQhytiVH60TxC2xk6o0akVHa7BdYiyJvXNR8A==
  optionalDependencies:
    "@tauri-apps/cli-darwin-arm64" "1.0.0-rc.13"
    "@tauri-apps/cli-darwin-x64" "1.0.0-rc.13"
    "@tauri-apps/cli-linux-arm-gnueabihf" "1.0.0-rc.13"
    "@tauri-apps/cli-linux-arm64-gnu" "1.0.0-rc.13"
    "@tauri-apps/cli-linux-arm64-musl" "1.0.0-rc.13"
    "@tauri-apps/cli-linux-x64-gnu" "1.0.0-rc.13"
    "@tauri-apps/cli-linux-x64-musl" "1.0.0-rc.13"
    "@tauri-apps/cli-win32-ia32-msvc" "1.0.0-rc.13"
    "@tauri-apps/cli-win32-x64-msvc" "1.0.0-rc.13"
